{
  "nodes": {
    "devenv": {
      "locked": {
        "dir": "src/modules",
        "lastModified": 1787159631,
        "narHash": "sha256-pK/PYbBHT9bt7zvQ2kB83pkMibZfQadlZha7U25qtRs=",
        "owner": "cachix",
        "repo": "devenv",
        "rev": "267cf2eb26840c5ec73bce0a82046ec8907ece11",
        "type": "github"
      },
      "original": {
        "dir": "src/modules",
        "owner": "cachix",
        "repo": "devenv",
        "type": "github"
      }
    },
    "flake-compat": {
      "flake": false,
      "locked": {
        "lastModified": 1767039857,
        "narHash": "sha256-vNpUSpF5Nuw8xvDLj2KCwwksIbjua2LZCqhV1LNRDns=",
        "owner": "edolstra",
        "repo": "flake-compat",
        "rev": "5edf11c44bc78a0d334f6334cdaf7d60d732daab",
        "type": "github"
      },
      "original": {
        "id": "flake-compat",
        "type": "indirect"
      }
    },
    "git-hooks": {
      "inputs": {
        "flake-compat": [
          "flake-compat"
        ],
        "nixpkgs": [
          "nixpkgs"
        ]
      },
      "locked": {
        "lastModified": 1784288435,
        "narHash": "sha256-ReRHaLgr/uVqdD8afFSn+myXIfpHeOhP0yYe0TJqAA8=",
        "owner": "cachix",
        "repo": "git-hooks.nix",
        "rev": "43b3c1ab9d40fb1dbb008f451988a91e375825e9",
        "type": "github"
      },
      "original": {
        "id": "git-hooks-nix",
        "type": "indirect"
      }
    },
    "nixpkgs": {
      "locked": {
        "lastModified": 1786430034,
        "narHash": "sha256-1MqAfG80fHLnWolvR3ULsMsXwMKFIJaWob8OI9yRcB0=",
        "rev": "70cc4559b10a6062b05ff1af17e0add065ccaed9",
        "type": "tarball",
        "url": "https://releases.nixos.org/nixos/26.05/nixos-26.05.7443.70cc4559b10a/nixexprs.tar.xz"
      },
      "original": {
        "id": "nixpkgs",
        "type": "indirect"
      }
    },
    "root": {
      "inputs": {
        "devenv": "devenv",
        "flake-compat": "flake-compat",
        "git-hooks": "git-hooks",
        "nixpkgs": "nixpkgs"
      }
    }
  },
  "root": "root",
  "version": 7
}